// !$*UTF8*$!
{
	archiveVersion = 1;
	classes = {
	};
	objectVersion = 48;
	objects = {

/* Begin PBXBuildFile section */
		3713E7DE1FAAE61F00FBB815 /* AppDelegate.swift in Sources */ = {isa = PBXBuildFile; fileRef = 3713E7DD1FAAE61F00FBB815 /* AppDelegate.swift */; };
		3713E7E01FAAE61F00FBB815 /* ViewController.swift in Sources */ = {isa = PBXBuildFile; fileRef = 3713E7DF1FAAE61F00FBB815 /* ViewController.swift */; };
		3713E7E31FAAE61F00FBB815 /* Main.storyboard in Resources */ = {isa = PBXBuildFile; fileRef = 3713E7E11FAAE61F00FBB815 /* Main.storyboard */; };
		3713E7E51FAAE61F00FBB815 /* Assets.xcassets in Resources */ = {isa = PBXBuildFile; fileRef = 3713E7E41FAAE61F00FBB815 /* Assets.xcassets */; };
		3713E7E81FAAE61F00FBB815 /* LaunchScreen.storyboard in Resources */ = {isa = PBXBuildFile; fileRef = 3713E7E61FAAE61F00FBB815 /* LaunchScreen.storyboard */; };
		3713E7F31FAAE61F00FBB815 /* Cold_CallTests.swift in Sources */ = {isa = PBXBuildFile; fileRef = 3713E7F21FAAE61F00FBB815 /* Cold_CallTests.swift */; };
		3713E7FE1FAAE61F00FBB815 /* Cold_CallUITests.swift in Sources */ = {isa = PBXBuildFile; fileRef = 3713E7FD1FAAE61F00FBB815 /* Cold_CallUITests.swift */; };
/* End PBXBuildFile section */

/* Begin PBXContainerItemProxy section */
		3713E7EF1FAAE61F00FBB815 /* PBXContainerItemProxy */ = {
			isa = PBXContainerItemProxy;
			containerPortal = 3713E7D21FAAE61F00FBB815 /* Project object */;
			proxyType = 1;
			remoteGlobalIDString = 3713E7D91FAAE61F00FBB815;
			remoteInfo = "Cold Call";
		};
		3713E7FA1FAAE61F00FBB815 /* PBXContainerItemProxy */ = {
			isa = PBXContainerItemProxy;
			containerPortal = 3713E7D21FAAE61F00FBB815 /* Project object */;
			proxyType = 1;
			remoteGlobalIDString = 3713E7D91FAAE61F00FBB815;
			remoteInfo = "Cold Call";
		};
/* End PBXContainerItemProxy section */

/* Begin PBXFileReference section */
		3713E7DA1FAAE61F00FBB815 /* Cold Call.app */ = {isa = PBXFileReference; explicitFileType = wrapper.application; includeInIndex = 0; path = "Cold Call.app"; sourceTree = BUILT_PRODUCTS_DIR; };
		3713E7DD1FAAE61F00FBB815 /* AppDelegate.swift */ = {isa = PBXFileReference; lastKnownFileType = sourcecode.swift; path = AppDelegate.swift; sourceTree = "<group>"; };
		3713E7DF1FAAE61F00FBB815 /* ViewController.swift */ = {isa = PBXFileReference; lastKnownFileType = sourcecode.swift; path = ViewController.swift; sourceTree = "<group>"; };
		3713E7E21FAAE61F00FBB815 /* Base */ = {isa = PBXFileReference; lastKnownFileType = file.storyboard; name = Base; path = Base.lproj/Main.storyboard; sourceTree = "<group>"; };
		3713E7E41FAAE61F00FBB815 /* Assets.xcassets */ = {isa = PBXFileReference; lastKnownFileType = folder.assetcatalog; path = Assets.xcassets; sourceTree = "<group>"; };
		3713E7E71FAAE61F00FBB815 /* Base */ = {isa = PBXFileReference; lastKnownFileType = file.storyboard; name = Base; path = Base.lproj/LaunchScreen.storyboard; sourceTree = "<group>"; };
		3713E7E91FAAE61F00FBB815 /* Info.plist */ = {isa = PBXFileReference; lastKnownFileType = text.plist.xml; path = Info.plist; sourceTree = "<group>"; };
		3713E7EE1FAAE61F00FBB815 /* Cold CallTests.xctest */ = {isa = PBXFileReference; explicitFileType = wrapper.cfbundle; includeInIndex = 0; path = "Cold CallTests.xctest"; sourceTree = BUILT_PRODUCTS_DIR; };
		3713E7F21FAAE61F00FBB815 /* Cold_CallTests.swift */ = {isa = PBXFileReference; lastKnownFileType = sourcecode.swift; path = Cold_CallTests.swift; sourceTree = "<group>"; };
		3713E7F41FAAE61F00FBB815 /* Info.plist */ = {isa = PBXFileReference; lastKnownFileType = text.plist.xml; path = Info.plist; sourceTree = "<group>"; };
		3713E7F91FAAE61F00FBB815 /* Cold CallUITests.xctest */ = {isa = PBXFileReference; explicitFileType = wrapper.cfbundle; includeInIndex = 0; path = "Cold CallUITests.xctest"; sourceTree = BUILT_PRODUCTS_DIR; };
		3713E7FD1FAAE61F00FBB815 /* Cold_CallUITests.swift */ = {isa = PBXFileReference; lastKnownFileType = sourcecode.swift; path = Cold_CallUITests.swift; sourceTree = "<group>"; };
		3713E7FF1FAAE61F00FBB815 /* Info.plist */ = {isa = PBXFileReference; lastKnownFileType = text.plist.xml; path = Info.plist; sourceTree = "<group>"; };
/* End PBXFileReference section */

/* Begin PBXFrameworksBuildPhase section */
		3713E7D71FAAE61F00FBB815 /* Frameworks */ = {
			isa = PBXFrameworksBuildPhase;
			buildActionMask = 2147483647;
			files = (
			);
			runOnlyForDeploymentPostprocessing = 0;
		};
		3713E7EB1FAAE61F00FBB815 /* Frameworks */ = {
			isa = PBXFrameworksBuildPhase;
			buildActionMask = 2147483647;
			files = (
			);
			runOnlyForDeploymentPostprocessing = 0;
		};
		3713E7F61FAAE61F00FBB815 /* Frameworks */ = {
			isa = PBXFrameworksBuildPhase;
			buildActionMask = 2147483647;
			files = (
			);
			runOnlyForDeploymentPostprocessing = 0;
		};
/* End PBXFrameworksBuildPhase section */

/* Begin PBXGroup section */
		3713E7D11FAAE61F00FBB815 = {
			isa = PBXGroup;
			children = (
				3713E7DC1FAAE61F00FBB815 /* Cold Call */,
				3713E7F11FAAE61F00FBB815 /* Cold CallTests */,
				3713E7FC1FAAE61F00FBB815 /* Cold CallUITests */,
				3713E7DB1FAAE61F00FBB815 /* Products */,
			);
			sourceTree = "<group>";
		};
		3713E7DB1FAAE61F00FBB815 /* Products */ = {
			isa = PBXGroup;
			children = (
				3713E7DA1FAAE61F00FBB815 /* Cold Call.app */,
				3713E7EE1FAAE61F00FBB815 /* Cold CallTests.xctest */,
				3713E7F91FAAE61F00FBB815 /* Cold CallUITests.xctest */,
			);
			name = Products;
			sourceTree = "<group>";
		};
		3713E7DC1FAAE61F00FBB815 /* Cold Call */ = {
			isa = PBXGroup;
			children = (
				3713E7DD1FAAE61F00FBB815 /* AppDelegate.swift */,
				3713E7DF1FAAE61F00FBB815 /* ViewController.swift */,
				3713E7E11FAAE61F00FBB815 /* Main.storyboard */,
				3713E7E41FAAE61F00FBB815 /* Assets.xcassets */,
				3713E7E61FAAE61F00FBB815 /* LaunchScreen.storyboard */,
				3713E7E91FAAE61F00FBB815 /* Info.plist */,
			);
			path = "Cold Call";
			sourceTree = "<group>";
		};
		3713E7F11FAAE61F00FBB815 /* Cold CallTests */ = {
			isa = PBXGroup;
			children = (
				3713E7F21FAAE61F00FBB815 /* Cold_CallTests.swift */,
				3713E7F41FAAE61F00FBB815 /* Info.plist */,
			);
			path = "Cold CallTests";
			sourceTree = "<group>";
		};
		3713E7FC1FAAE61F00FBB815 /* Cold CallUITests */ = {
			isa = PBXGroup;
			children = (
				3713E7FD1FAAE61F00FBB815 /* Cold_CallUITests.swift */,
				3713E7FF1FAAE61F00FBB815 /* Info.plist */,
			);
			path = "Cold CallUITests";
			sourceTree = "<group>";
		};
/* End PBXGroup section */

/* Begin PBXNativeTarget section */
		3713E7D91FAAE61F00FBB815 /* Cold Call */ = {
			isa = PBXNativeTarget;
			buildConfigurationList = 3713E8021FAAE61F00FBB815 /* Build configuration list for PBXNativeTarget "Cold Call" */;
			buildPhases = (
				3713E7D61FAAE61F00FBB815 /* Sources */,
				3713E7D71FAAE61F00FBB815 /* Frameworks */,
				3713E7D81FAAE61F00FBB815 /* Resources */,
			);
			buildRules = (
			);
			dependencies = (
			);
			name = "Cold Call";
			productName = "Cold Call";
			productReference = 3713E7DA1FAAE61F00FBB815 /* Cold Call.app */;
			productType = "com.apple.product-type.application";
		};
		3713E7ED1FAAE61F00FBB815 /* Cold CallTests */ = {
			isa = PBXNativeTarget;
			buildConfigurationList = 3713E8051FAAE61F00FBB815 /* Build configuration list for PBXNativeTarget "Cold CallTests" */;
			buildPhases = (
				3713E7EA1FAAE61F00FBB815 /* Sources */,
				3713E7EB1FAAE61F00FBB815 /* Frameworks */,
				3713E7EC1FAAE61F00FBB815 /* Resources */,
			);
			buildRules = (
			);
			dependencies = (
				3713E7F01FAAE61F00FBB815 /* PBXTargetDependency */,
			);
			name = "Cold CallTests";
			productName = "Cold CallTests";
			productReference = 3713E7EE1FAAE61F00FBB815 /* Cold CallTests.xctest */;
			productType = "com.apple.product-type.bundle.unit-test";
		};
		3713E7F81FAAE61F00FBB815 /* Cold CallUITests */ = {
			isa = PBXNativeTarget;
			buildConfigurationList = 3713E8081FAAE61F00FBB815 /* Build configuration list for PBXNativeTarget "Cold CallUITests" */;
			buildPhases = (
				3713E7F51FAAE61F00FBB815 /* Sources */,
				3713E7F61FAAE61F00FBB815 /* Frameworks */,
				3713E7F71FAAE61F00FBB815 /* Resources */,
			);
			buildRules = (
			);
			dependencies = (
				3713E7FB1FAAE61F00FBB815 /* PBXTargetDependency */,
			);
			name = "Cold CallUITests";
			productName = "Cold CallUITests";
			productReference = 3713E7F91FAAE61F00FBB815 /* Cold CallUITests.xctest */;
			productType = "com.apple.product-type.bundle.ui-testing";
		};
/* End PBXNativeTarget section */

/* Begin PBXProject section */
		3713E7D21FAAE61F00FBB815 /* Project object */ = {
			isa = PBXProject;
			attributes = {
				LastSwiftUpdateCheck = 0910;
				LastUpgradeCheck = 0910;
				ORGANIZATIONNAME = "Kevin Pham";
				TargetAttributes = {
					3713E7D91FAAE61F00FBB815 = {
						CreatedOnToolsVersion = 9.1;
						ProvisioningStyle = Automatic;
					};
					3713E7ED1FAAE61F00FBB815 = {
						CreatedOnToolsVersion = 9.1;
						ProvisioningStyle = Automatic;
						TestTargetID = 3713E7D91FAAE61F00FBB815;
					};
					3713E7F81FAAE61F00FBB815 = {
						CreatedOnToolsVersion = 9.1;
						ProvisioningStyle = Automatic;
						TestTargetID = 3713E7D91FAAE61F00FBB815;
					};
				};
			};
			buildConfigurationList = 3713E7D51FAAE61F00FBB815 /* Build configuration list for PBXProject "Cold Call" */;
			compatibilityVersion = "Xcode 8.0";
			developmentRegion = en;
			hasScannedForEncodings = 0;
			knownRegions = (
				en,
				Base,
			);
			mainGroup = 3713E7D11FAAE61F00FBB815;
			productRefGroup = 3713E7DB1FAAE61F00FBB815 /* Products */;
			projectDirPath = "";
			projectRoot = "";
			targets = (
				3713E7D91FAAE61F00FBB815 /* Cold Call */,
				3713E7ED1FAAE61F00FBB815 /* Cold CallTests */,
				3713E7F81FAAE61F00FBB815 /* Cold CallUITests */,
			);
		};
/* End PBXProject section */

/* Begin PBXResourcesBuildPhase section */
		3713E7D81FAAE61F00FBB815 /* Resources */ = {
			isa = PBXResourcesBuildPhase;
			buildActionMask = 2147483647;
			files = (
				3713E7E81FAAE61F00FBB815 /* LaunchScreen.storyboard in Resources */,
				3713E7E51FAAE61F00FBB815 /* Assets.xcassets in Resources */,
				3713E7E31FAAE61F00FBB815 /* Main.storyboard in Resources */,
			);
			runOnlyForDeploymentPostprocessing = 0;
		};
		3713E7EC1FAAE61F00FBB815 /* Resources */ = {
			isa = PBXResourcesBuildPhase;
			buildActionMask = 2147483647;
			files = (
			);
			runOnlyForDeploymentPostprocessing = 0;
		};
		3713E7F71FAAE61F00FBB815 /* Resources */ = {
			isa = PBXResourcesBuildPhase;
			buildActionMask = 2147483647;
			files = (
			);
			runOnlyForDeploymentPostprocessing = 0;
		};
/* End PBXResourcesBuildPhase section */

/* Begin PBXSourcesBuildPhase section */
		3713E7D61FAAE61F00FBB815 /* Sources */ = {
			isa = PBXSourcesBuildPhase;
			buildActionMask = 2147483647;
			files = (
				3713E7E01FAAE61F00FBB815 /* ViewController.swift in Sources */,
				3713E7DE1FAAE61F00FBB815 /* AppDelegate.swift in Sources */,
			);
			runOnlyForDeploymentPostprocessing = 0;
		};
		3713E7EA1FAAE61F00FBB815 /* Sources */ = {
			isa = PBXSourcesBuildPhase;
			buildActionMask = 2147483647;
			files = (
				3713E7F31FAAE61F00FBB815 /* Cold_CallTests.swift in Sources */,
			);
			runOnlyForDeploymentPostprocessing = 0;
		};
		3713E7F51FAAE61F00FBB815 /* Sources */ = {
			isa = PBXSourcesBuildPhase;
			buildActionMask = 2147483647;
			files = (
				3713E7FE1FAAE61F00FBB815 /* Cold_CallUITests.swift in Sources */,
			);
			runOnlyForDeploymentPostprocessing = 0;
		};
/* End PBXSourcesBuildPhase section */

/* Begin PBXTargetDependency section */
		3713E7F01FAAE61F00FBB815 /* PBXTargetDependency */ = {
			isa = PBXTargetDependency;
			target = 3713E7D91FAAE61F00FBB815 /* Cold Call */;
			targetProxy = 3713E7EF1FAAE61F00FBB815 /* PBXContainerItemProxy */;
		};
		3713E7FB1FAAE61F00FBB815 /* PBXTargetDependency */ = {
			isa = PBXTargetDependency;
			target = 3713E7D91FAAE61F00FBB815 /* Cold Call */;
			targetProxy = 3713E7FA1FAAE61F00FBB815 /* PBXContainerItemProxy */;
		};
/* End PBXTargetDependency section */

/* Begin PBXVariantGroup section */
		3713E7E11FAAE61F00FBB815 /* Main.storyboard */ = {
			isa = PBXVariantGroup;
			children = (
				3713E7E21FAAE61F00FBB815 /* Base */,
			);
			name = Main.storyboard;
			sourceTree = "<group>";
		};
		3713E7E61FAAE61F00FBB815 /* LaunchScreen.storyboard */ = {
			isa = PBXVariantGroup;
			children = (
				3713E7E71FAAE61F00FBB815 /* Base */,
			);
			name = LaunchScreen.storyboard;
			sourceTree = "<group>";
		};
/* End PBXVariantGroup section */

/* Begin XCBuildConfiguration section */
		3713E8001FAAE61F00FBB815 /* Debug */ = {
			isa = XCBuildConfiguration;
			buildSettings = {
				ALWAYS_SEARCH_USER_PATHS = NO;
				CLANG_ANALYZER_NONNULL = YES;
				CLANG_ANALYZER_NUMBER_OBJECT_CONVERSION = YES_AGGRESSIVE;
				CLANG_CXX_LANGUAGE_STANDARD = "gnu++14";
				CLANG_CXX_LIBRARY = "libc++";
				CLANG_ENABLE_MODULES = YES;
				CLANG_ENABLE_OBJC_ARC = YES;
				CLANG_WARN_BLOCK_CAPTURE_AUTORELEASING = YES;
				CLANG_WARN_BOOL_CONVERSION = YES;
				CLANG_WARN_COMMA = YES;
				CLANG_WARN_CONSTANT_CONVERSION = YES;
				CLANG_WARN_DIRECT_OBJC_ISA_USAGE = YES_ERROR;
				CLANG_WARN_DOCUMENTATION_COMMENTS = YES;
				CLANG_WARN_EMPTY_BODY = YES;
				CLANG_WARN_ENUM_CONVERSION = YES;
				CLANG_WARN_INFINITE_RECURSION = YES;
				CLANG_WARN_INT_CONVERSION = YES;
				CLANG_WARN_NON_LITERAL_NULL_CONVERSION = YES;
				CLANG_WARN_OBJC_LITERAL_CONVERSION = YES;
				CLANG_WARN_OBJC_ROOT_CLASS = YES_ERROR;
				CLANG_WARN_RANGE_LOOP_ANALYSIS = YES;
				CLANG_WARN_STRICT_PROTOTYPES = YES;
				CLANG_WARN_SUSPICIOUS_MOVE = YES;
				CLANG_WARN_UNGUARDED_AVAILABILITY = YES_AGGRESSIVE;
				CLANG_WARN_UNREACHABLE_CODE = YES;
				CLANG_WARN__DUPLICATE_METHOD_MATCH = YES;
				CODE_SIGN_IDENTITY = "iPhone Developer";
				COPY_PHASE_STRIP = NO;
				DEBUG_INFORMATION_FORMAT = dwarf;
				ENABLE_STRICT_OBJC_MSGSEND = YES;
				ENABLE_TESTABILITY = YES;
				GCC_C_LANGUAGE_STANDARD = gnu11;
				GCC_DYNAMIC_NO_PIC = NO;
				GCC_NO_COMMON_BLOCKS = YES;
				GCC_OPTIMIZATION_LEVEL = 0;
				GCC_PREPROCESSOR_DEFINITIONS = (
					"DEBUG=1",
					"$(inherited)",
				);
				GCC_WARN_64_TO_32_BIT_CONVERSION = YES;
				GCC_WARN_ABOUT_RETURN_TYPE = YES_ERROR;
				GCC_WARN_UNDECLARED_SELECTOR = YES;
				GCC_WARN_UNINITIALIZED_AUTOS = YES_AGGRESSIVE;
				GCC_WARN_UNUSED_FUNCTION = YES;
				GCC_WARN_UNUSED_VARIABLE = YES;
				IPHONEOS_DEPLOYMENT_TARGET = 11.1;
				MTL_ENABLE_DEBUG_INFO = YES;
				ONLY_ACTIVE_ARCH = YES;
				SDKROOT = iphoneos;
				SWIFT_ACTIVE_COMPILATION_CONDITIONS = DEBUG;
				SWIFT_OPTIMIZATION_LEVEL = "-Onone";
			};
			name = Debug;
		};
		3713E8011FAAE61F00FBB815 /* Release */ = {
			isa = XCBuildConfiguration;
			buildSettings = {
				ALWAYS_SEARCH_USER_PATHS = NO;
				CLANG_ANALYZER_NONNULL = YES;
				CLANG_ANALYZER_NUMBER_OBJECT_CONVERSION = YES_AGGRESSIVE;
				CLANG_CXX_LANGUAGE_STANDARD = "gnu++14";
				CLANG_CXX_LIBRARY = "libc++";
				CLANG_ENABLE_MODULES = YES;
				CLANG_ENABLE_OBJC_ARC = YES;
				CLANG_WARN_BLOCK_CAPTURE_AUTORELEASING = YES;
				CLANG_WARN_BOOL_CONVERSION = YES;
				CLANG_WARN_COMMA = YES;
				CLANG_WARN_CONSTANT_CONVERSION = YES;
				CLANG_WARN_DIRECT_OBJC_ISA_USAGE = YES_ERROR;
				CLANG_WARN_DOCUMENTATION_COMMENTS = YES;
				CLANG_WARN_EMPTY_BODY = YES;
				CLANG_WARN_ENUM_CONVERSION = YES;
				CLANG_WARN_INFINITE_RECURSION = YES;
				CLANG_WARN_INT_CONVERSION = YES;
				CLANG_WARN_NON_LITERAL_NULL_CONVERSION = YES;
				CLANG_WARN_OBJC_LITERAL_CONVERSION = YES;
				CLANG_WARN_OBJC_ROOT_CLASS = YES_ERROR;
				CLANG_WARN_RANGE_LOOP_ANALYSIS = YES;
				CLANG_WARN_STRICT_PROTOTYPES = YES;
				CLANG_WARN_SUSPICIOUS_MOVE = YES;
				CLANG_WARN_UNGUARDED_AVAILABILITY = YES_AGGRESSIVE;
				CLANG_WARN_UNREACHABLE_CODE = YES;
				CLANG_WARN__DUPLICATE_METHOD_MATCH = YES;
				CODE_SIGN_IDENTITY = "iPhone Developer";
				COPY_PHASE_STRIP = NO;
				DEBUG_INFORMATION_FORMAT = "dwarf-with-dsym";
				ENABLE_NS_ASSERTIONS = NO;
				ENABLE_STRICT_OBJC_MSGSEND = YES;
				GCC_C_LANGUAGE_STANDARD = gnu11;
				GCC_NO_COMMON_BLOCKS = YES;
				GCC_WARN_64_TO_32_BIT_CONVERSION = YES;
				GCC_WARN_ABOUT_RETURN_TYPE = YES_ERROR;
				GCC_WARN_UNDECLARED_SELECTOR = YES;
				GCC_WARN_UNINITIALIZED_AUTOS = YES_AGGRESSIVE;
				GCC_WARN_UNUSED_FUNCTION = YES;
				GCC_WARN_UNUSED_VARIABLE = YES;
				IPHONEOS_DEPLOYMENT_TARGET = 11.1;
				MTL_ENABLE_DEBUG_INFO = NO;
				SDKROOT = iphoneos;
				SWIFT_OPTIMIZATION_LEVEL = "-Owholemodule";
				VALIDATE_PRODUCT = YES;
			};
			name = Release;
		};
		3713E8031FAAE61F00FBB815 /* Debug */ = {
			isa = XCBuildConfiguration;
			buildSettings = {
				ASSETCATALOG_COMPILER_APPICON_NAME = AppIcon;
				CODE_SIGN_STYLE = Automatic;
				INFOPLIST_FILE = "Cold Call/Info.plist";
				LD_RUNPATH_SEARCH_PATHS = "$(inherited) @executable_path/Frameworks";
				PRODUCT_BUNDLE_IDENTIFIER = "iOS.Cold-Call";
				PRODUCT_NAME = "$(TARGET_NAME)";
				SWIFT_VERSION = 4.0;
				TARGETED_DEVICE_FAMILY = "1,2";
			};
			name = Debug;
		};
		3713E8041FAAE61F00FBB815 /* Release */ = {
			isa = XCBuildConfiguration;
			buildSettings = {
				ASSETCATALOG_COMPILER_APPICON_NAME = AppIcon;
				CODE_SIGN_STYLE = Automatic;
				INFOPLIST_FILE = "Cold Call/Info.plist";
				LD_RUNPATH_SEARCH_PATHS = "$(inherited) @executable_path/Frameworks";
				PRODUCT_BUNDLE_IDENTIFIER = "iOS.Cold-Call";
				PRODUCT_NAME = "$(TARGET_NAME)";
				SWIFT_VERSION = 4.0;
				TARGETED_DEVICE_FAMILY = "1,2";
			};
			name = Release;
		};
		3713E8061FAAE61F00FBB815 /* Debug */ = {
			isa = XCBuildConfiguration;
			buildSettings = {
				ALWAYS_EMBED_SWIFT_STANDARD_LIBRARIES = YES;
				BUNDLE_LOADER = "$(TEST_HOST)";
				CODE_SIGN_STYLE = Automatic;
				INFOPLIST_FILE = "Cold CallTests/Info.plist";
				LD_RUNPATH_SEARCH_PATHS = "$(inherited) @executable_path/Frameworks @loader_path/Frameworks";
				PRODUCT_BUNDLE_IDENTIFIER = "iOS.Cold-CallTests";
				PRODUCT_NAME = "$(TARGET_NAME)";
				SWIFT_VERSION = 4.0;
				TARGETED_DEVICE_FAMILY = "1,2";
				TEST_HOST = "$(BUILT_PRODUCTS_DIR)/Cold Call.app/Cold Call";
			};
			name = Debug;
		};
		3713E8071FAAE61F00FBB815 /* Release */ = {
			isa = XCBuildConfiguration;
			buildSettings = {
				ALWAYS_EMBED_SWIFT_STANDARD_LIBRARIES = YES;
				BUNDLE_LOADER = "$(TEST_HOST)";
				CODE_SIGN_STYLE = Automatic;
				INFOPLIST_FILE = "Cold CallTests/Info.plist";
				LD_RUNPATH_SEARCH_PATHS = "$(inherited) @executable_path/Frameworks @loader_path/Frameworks";
				PRODUCT_BUNDLE_IDENTIFIER = "iOS.Cold-CallTests";
				PRODUCT_NAME = "$(TARGET_NAME)";
				SWIFT_VERSION = 4.0;
				TARGETED_DEVICE_FAMILY = "1,2";
				TEST_HOST = "$(BUILT_PRODUCTS_DIR)/Cold Call.app/Cold Call";
			};
			name = Release;
		};
		3713E8091FAAE61F00FBB815 /* Debug */ = {
			isa = XCBuildConfiguration;
			buildSettings = {
				ALWAYS_EMBED_SWIFT_STANDARD_LIBRARIES = YES;
				CODE_SIGN_STYLE = Automatic;
				INFOPLIST_FILE = "Cold CallUITests/Info.plist";
				LD_RUNPATH_SEARCH_PATHS = "$(inherited) @executable_path/Frameworks @loader_path/Frameworks";
				PRODUCT_BUNDLE_IDENTIFIER = "iOS.Cold-CallUITests";
				PRODUCT_NAME = "$(TARGET_NAME)";
				SWIFT_VERSION = 4.0;
				TARGETED_DEVICE_FAMILY = "1,2";
				TEST_TARGET_NAME = "Cold Call";
			};
			name = Debug;
		};
		3713E80A1FAAE61F00FBB815 /* Release */ = {
			isa = XCBuildConfiguration;
			buildSettings = {
				ALWAYS_EMBED_SWIFT_STANDARD_LIBRARIES = YES;
				CODE_SIGN_STYLE = Automatic;
				INFOPLIST_FILE = "Cold CallUITests/Info.plist";
				LD_RUNPATH_SEARCH_PATHS = "$(inherited) @executable_path/Frameworks @loader_path/Frameworks";
				PRODUCT_BUNDLE_IDENTIFIER = "iOS.Cold-CallUITests";
				PRODUCT_NAME = "$(TARGET_NAME)";
				SWIFT_VERSION = 4.0;
				TARGETED_DEVICE_FAMILY = "1,2";
				TEST_TARGET_NAME = "Cold Call";
			};
			name = Release;
		};
/* End XCBuildConfiguration section */

/* Begin XCConfigurationList section */
		3713E7D51FAAE61F00FBB815 /* Build configuration list for PBXProject "Cold Call" */ = {
			isa = XCConfigurationList;
			buildConfigurations = (
				3713E8001FAAE61F00FBB815 /* Debug */,
				3713E8011FAAE61F00FBB815 /* Release */,
			);
			defaultConfigurationIsVisible = 0;
			defaultConfigurationName = Release;
		};
		3713E8021FAAE61F00FBB815 /* Build configuration list for PBXNativeTarget "Cold Call" */ = {
			isa = XCConfigurationList;
			buildConfigurations = (
				3713E8031FAAE61F00FBB815 /* Debug */,
				3713E8041FAAE61F00FBB815 /* Release */,
			);
			defaultConfigurationIsVisible = 0;
			defaultConfigurationName = Release;
		};
		3713E8051FAAE61F00FBB815 /* Build configuration list for PBXNativeTarget "Cold CallTests" */ = {
			isa = XCConfigurationList;
			buildConfigurations = (
				3713E8061FAAE61F00FBB815 /* Debug */,
				3713E8071FAAE61F00FBB815 /* Release */,
			);
			defaultConfigurationIsVisible = 0;
			defaultConfigurationName = Release;
		};
		3713E8081FAAE61F00FBB815 /* Build configuration list for PBXNativeTarget "Cold CallUITests" */ = {
			isa = XCConfigurationList;
			buildConfigurations = (
				3713E8091FAAE61F00FBB815 /* Debug */,
				3713E80A1FAAE61F00FBB815 /* Release */,
			);
			defaultConfigurationIsVisible = 0;
			defaultConfigurationName = Release;
		};
/* End XCConfigurationList section */
	};
	rootObject = 3713E7D21FAAE61F00FBB815 /* Project object */;
}
